
Microsoft Visual Studio Solution File, Format Version 12.00
# Visual Studio Version 16
VisualStudioVersion = 16.0.30611.23
MinimumVisualStudioVersion = 10.0.40219.1
Project("{8BC9CEB8-8B4A-11D0-8D11-00A0C91BC942}") = "ProjektAISD3", "ProjektAISD3\ProjektAISD3.vcxproj", "{7F014106-A50E-4B4B-907F-8F8E01EC639C}"
EndProject
Global
	GlobalSection(SolutionConfigurationPlatforms) = preSolution
		Debug|x64 = Debug|x64
		Debug|x86 = Debug|x86
		Release|x64 = Release|x64
		Release|x86 = Release|x86
	EndGlobalSection
	GlobalSection(ProjectConfigurationPlatforms) = postSolution
		{7F014106-A50E-4B4B-907F-8F8E01EC639C}.Debug|x64.ActiveCfg = Debug|x64
		{7F014106-A50E-4B4B-907F-8F8E01EC639C}.Debug|x64.Build.0 = Debug|x64
		{7F014106-A50E-4B4B-907F-8F8E01EC639C}.Debug|x86.ActiveCfg = Debug|Win32
		{7F014106-A50E-4B4B-907F-8F8E01EC639C}.Debug|x86.Build.0 = Debug|Win32
		{7F014106-A50E-4B4B-907F-8F8E01EC639C}.Release|x64.ActiveCfg = Release|x64
		{7F014106-A50E-4B4B-907F-8F8E01EC639C}.Release|x64.Build.0 = Release|x64
		{7F014106-A50E-4B4B-907F-8F8E01EC639C}.Release|x86.ActiveCfg = Release|Win32
		{7F014106-A50E-4B4B-907F-8F8E01EC639C}.Release|x86.Build.0 = Release|Win32
	EndGlobalSection
	GlobalSection(SolutionProperties) = preSolution
		HideSolutionNode = FALSE
	EndGlobalSection
	GlobalSection(ExtensibilityGlobals) = postSolution
		SolutionGuid = {7C84C558-727D-4BD2-86BB-CE2268E43015}
	EndGlobalSection
EndGlobal
